
Microsoft Visual Studio Solution File, Format Version 12.00
# Visual Studio 15
VisualStudioVersion = 15.0.28010.2050
MinimumVisualStudioVersion = 10.0.40219.1
Project("{FAE04EC0-301F-11D3-BF4B-00C04F79EFBC}") = "Domaci5_ProizvodKolicnikFja", "Domaci5_ProizvodKolicnikFja\Domaci5_ProizvodKolicnikFja.csproj", "{5C949DFE-CC7E-4D6B-BB3D-F81FF2598111}"
EndProject
Global
	GlobalSection(SolutionConfigurationPlatforms) = preSolution
		Debug|Any CPU = Debug|Any CPU
		Release|Any CPU = Release|Any CPU
	EndGlobalSection
	GlobalSection(ProjectConfigurationPlatforms) = postSolution
		{5C949DFE-CC7E-4D6B-BB3D-F81FF2598111}.Debug|Any CPU.ActiveCfg = Debug|Any CPU
		{5C949DFE-CC7E-4D6B-BB3D-F81FF2598111}.Debug|Any CPU.Build.0 = Debug|Any CPU
		{5C949DFE-CC7E-4D6B-BB3D-F81FF2598111}.Release|Any CPU.ActiveCfg = Release|Any CPU
		{5C949DFE-CC7E-4D6B-BB3D-F81FF2598111}.Release|Any CPU.Build.0 = Release|Any CPU
	EndGlobalSection
	GlobalSection(SolutionProperties) = preSolution
		HideSolutionNode = FALSE
	EndGlobalSection
	GlobalSection(ExtensibilityGlobals) = postSolution
		SolutionGuid = {4F65414D-E8FF-4EA0-BFC9-81B673DAFCE3}
	EndGlobalSection
EndGlobal
